<?xml version="1.0" encoding="utf-8"?>
<Project ToolsVersion="4.0" xmlns="http://schemas.microsoft.com/developer/msbuild/2003">
  <ItemGroup>
    <Filter Include="Source Files">
      <UniqueIdentifier>{4FC737F1-C7A5-4376-A066-2A32D752A2FF}</UniqueIdentifier>
      <Extensions>cpp;c;cc;cxx;c++;cppm;ixx;def;odl;idl;hpj;bat;asm;asmx</Extensions>
    </Filter>
    <Filter Include="Header Files">
      <UniqueIdentifier>{93995380-89BD-4b04-88EB-625FBE52EBFB}</UniqueIdentifier>
      <Extensions>h;hh;hpp;hxx;h++;hm;inl;inc;ipp;xsd</Extensions>
    </Filter>
    <Filter Include="Resource Files">
      <UniqueIdentifier>{67DA6AB6-F800-4c08-8B7A-83BB121AAD01}</UniqueIdentifier>
      <Extensions>rc;ico;cur;bmp;dlg;rc2;rct;bin;rgs;gif;jpg;jpeg;jpe;resx;tiff;tif;png;wav;mfcribbon-ms</Extensions>
    </Filter>
  </ItemGroup>
  <ItemGroup>
    <ClCompile Include="main.cpp">
      <Filter>Source Files</Filter>
    </ClCompile>
    <ClCompile Include="nodemap.cpp">
      <Filter>Source Files</Filter>
    </ClCompile>
    <ClCompile Include="pathfinding.cpp">
      <Filter>Source Files</Filter>
    </ClCompile>
    <ClCompile Include="pathagent.cpp">
      <Filter>Source Files</Filter>
    </ClCompile>
    <ClCompile Include="state.cpp">
      <Filter>Source Files</Filter>
    </ClCompile>
    <ClCompile Include="wanderbehaviour.cpp">
      <Filter>Source Files</Filter>
    </ClCompile>
    <ClCompile Include="agent.cpp">
      <Filter>Source Files</Filter>
    </ClCompile>
    <ClCompile Include="fsm.cpp">
      <Filter>Source Files</Filter>
    </ClCompile>
    <ClCompile Include="followbehaviour.cpp">
      <Filter>Source Files</Filter>
    </ClCompile>
    <ClCompile Include="distancecondition.cpp">
      <Filter>Source Files</Filter>
    </ClCompile>
    <ClCompile Include="timecondition.cpp">
      <Filter>Source Files</Filter>
    </ClCompile>
    <ClCompile Include="recoverbehaviour.cpp">
      <Filter>Source Files</Filter>
    </ClCompile>
  </ItemGroup>
  <ItemGroup>
    <ClInclude Include="nodemap.hpp">
      <Filter>Header Files</Filter>
    </ClInclude>
    <ClInclude Include="pathfinding.hpp">
      <Filter>Header Files</Filter>
    </ClInclude>
    <ClInclude Include="pathagent.hpp">
      <Filter>Header Files</Filter>
    </ClInclude>
    <ClInclude Include="behaviour.hpp">
      <Filter>Header Files</Filter>
    </ClInclude>
    <ClInclude Include="agent.hpp">
      <Filter>Header Files</Filter>
    </ClInclude>
    <ClInclude Include="condition.hpp">
      <Filter>Header Files</Filter>
    </ClInclude>
    <ClInclude Include="state.hpp">
      <Filter>Header Files</Filter>
    </ClInclude>
    <ClInclude Include="wanderbehaviour.hpp">
      <Filter>Header Files</Filter>
    </ClInclude>
    <ClInclude Include="fsm.hpp">
      <Filter>Header Files</Filter>
    </ClInclude>
    <ClInclude Include="followbehaviour.hpp">
      <Filter>Header Files</Filter>
    </ClInclude>
    <ClInclude Include="distancecondition.hpp">
      <Filter>Header Files</Filter>
    </ClInclude>
    <ClInclude Include="timecondition.hpp">
      <Filter>Header Files</Filter>
    </ClInclude>
    <ClInclude Include="recoverbehaviour.hpp">
      <Filter>Header Files</Filter>
    </ClInclude>
  </ItemGroup>
  <ItemGroup>
    <None Include="packages.config" />
  </ItemGroup>
</Project>